{
  "name": "cap-release-apk",
  "version": "0.1.0",
  "lockfileVersion": 3,
  "requires": true,
  "packages": {
    "": {
      "name": "cap-release-apk",
      "version": "0.1.0",
      "license": "MIT",
      "dependencies": {
        "@clack/prompts": "^0.8.0",
        "commander": "^12.0.0"
      },
      "bin": {
        "apk": "bin/apk.js",
        "cap-apk": "bin/apk.js",
        "cap-release-apk": "bin/apk.js"
      },
      "engines": {
        "node": ">=18"
      }
    },
    "../dailyfaith": {
      "version": "1.1.2",
      "extraneous": true,
      "dependencies": {
        "@capacitor-community/admob": "^8.0.0",
        "@capacitor/android": "^8.4.1",
        "@capacitor/cli": "^8.4.1",
        "@capacitor/core": "^8.4.1",
        "@capacitor/filesystem": "^8.1.3",
        "@capacitor/local-notifications": "^8.2.0",
        "@capacitor/preferences": "^8.0.1",
        "@capacitor/share": "^8.0.1",
        "@fontsource/inter": "^5.2.8",
        "@fontsource/newsreader": "^5.2.10",
        "@fontsource/spectral": "^5.2.8",
        "capacitor-widget-bridge": "^8.1.0",
        "clsx": "^2.1.1",
        "framer-motion": "^12.40.0",
        "html-to-image": "^1.11.13",
        "react": "^19.2.6",
        "react-dom": "^19.2.6"
      },
      "devDependencies": {
        "@capacitor/assets": "^3.0.5",
        "@eslint/js": "^10.0.1",
        "@testing-library/jest-dom": "^7.0.1",
        "@testing-library/react": "^16.3.3",
        "@testing-library/user-event": "^14.6.6",
        "@types/node": "^24.12.3",
        "@types/react": "^19.2.14",
        "@types/react-dom": "^19.2.3",
        "@vitejs/plugin-react": "^6.0.1",
        "eslint": "^10.3.0",
        "eslint-plugin-react-hooks": "^7.1.1",
        "eslint-plugin-react-refresh": "^0.5.2",
        "globals": "^17.6.0",
        "jsdom": "^30.0.1",
        "typescript": "~6.0.2",
        "typescript-eslint": "^8.59.2",
        "vite": "^8.0.12",
        "vitest": "^4.1.11"
      }
    },
    "node_modules/@clack/core": {
      "version": "0.3.5",
      "resolved": "https://registry.npmjs.org/@clack/core/-/core-0.3.5.tgz",
      "integrity": "sha512-5cfhQNH+1VQ2xLQlmzXMqUoiaH0lRBq9/CLW9lTyMbuKLC3+xEK01tHVvyut++mLOn5urSHmkm6I0Lg9MaJSTQ==",
      "license": "MIT",
      "dependencies": {
        "picocolors": "^1.0.0",
        "sisteransi": "^1.0.5"
      }
    },
    "node_modules/@clack/prompts": {
      "version": "0.8.2",
      "resolved": "https://registry.npmjs.org/@clack/prompts/-/prompts-0.8.2.tgz",
      "integrity": "sha512-6b9Ab2UiZwJYA9iMyboYyW9yJvAO9V753ZhS+DHKEjZRKAxPPOb7MXXu84lsPFG+vZt6FRFniZ8rXi+zCIw4yQ==",
      "license": "MIT",
      "dependencies": {
        "@clack/core": "0.3.5",
        "picocolors": "^1.0.0",
        "sisteransi": "^1.0.5"
      }
    },
    "node_modules/commander": {
      "version": "12.1.0",
      "resolved": "https://registry.npmjs.org/commander/-/commander-12.1.0.tgz",
      "integrity": "sha512-Vw8qHK3bZM9y/P10u3Vib8o/DdkvA2OtPtZvD871QKjy74Wj1WSKFILMPRPSdUSx5RFK1arlJzEtA4PkFgnbuA==",
      "license": "MIT",
      "engines": {
        "node": ">=18"
      }
    },
    "node_modules/picocolors": {
      "version": "1.1.1",
      "resolved": "https://registry.npmjs.org/picocolors/-/picocolors-1.1.1.tgz",
      "integrity": "sha512-xceH2snhtb5M9liqDsmEw56le376mTZkEX/jEb/RxNFyegNul7eNslCXP9FDj/Lcu0X8KEyMceP2ntpaHrDEVA==",
      "license": "ISC"
    },
    "node_modules/sisteransi": {
      "version": "1.0.5",
      "resolved": "https://registry.npmjs.org/sisteransi/-/sisteransi-1.0.5.tgz",
      "integrity": "sha512-bLGGlR1QxBcynn2d5YmDX4MGjlZvy2MRBDRNHLJ8VI6l6+9FUiyTFNJ0IveOSP0bcXgVDPRcfGqA0pjaqUpfVg==",
      "license": "MIT"
    }
  }
}
